<Solution>
  <Folder Name="/src/">
    <Project Path="src/InvisibleSP.Application/InvisibleSP.Application.csproj" />
    <Project Path="src/InvisibleSP.Composition/InvisibleSP.Composition.csproj" />
    <Project Path="src/InvisibleSP.Domain/InvisibleSP.Domain.csproj" />
    <Project Path="src/InvisibleSP.Infrastructure/InvisibleSP.Infrastructure.csproj" />
    <Project Path="src/InvisibleSP/InvisibleSP.csproj" />
  </Folder>
</Solution>
